
Microsoft Visual Studio Solution File, Format Version 12.00
# Visual Studio Version 16
VisualStudioVersion = 16.0.29709.97
MinimumVisualStudioVersion = 10.0.40219.1
Project("{FAE04EC0-301F-11D3-BF4B-00C04F79EFBC}") = "Photo Order", "Photo Order\Photo Order.csproj", "{1C84EBAA-1D73-4250-8427-3CE2225C03AF}"
EndProject
Global
	GlobalSection(SolutionConfigurationPlatforms) = preSolution
		Debug|Any CPU = Debug|Any CPU
		Release|Any CPU = Release|Any CPU
	EndGlobalSection
	GlobalSection(ProjectConfigurationPlatforms) = postSolution
		{1C84EBAA-1D73-4250-8427-3CE2225C03AF}.Debug|Any CPU.ActiveCfg = Debug|Any CPU
		{1C84EBAA-1D73-4250-8427-3CE2225C03AF}.Debug|Any CPU.Build.0 = Debug|Any CPU
		{1C84EBAA-1D73-4250-8427-3CE2225C03AF}.Release|Any CPU.ActiveCfg = Release|Any CPU
		{1C84EBAA-1D73-4250-8427-3CE2225C03AF}.Release|Any CPU.Build.0 = Release|Any CPU
	EndGlobalSection
	GlobalSection(SolutionProperties) = preSolution
		HideSolutionNode = FALSE
	EndGlobalSection
	GlobalSection(ExtensibilityGlobals) = postSolution
		SolutionGuid = {BE70139B-A900-4C2E-AE91-735B1FF7AA29}
	EndGlobalSection
EndGlobal
